
Microsoft Visual Studio Solution File, Format Version 12.00
# Visual Studio Version 17
VisualStudioVersion = 17.12.35309.182
MinimumVisualStudioVersion = 10.0.40219.1
Project("{FAE04EC0-301F-11D3-BF4B-00C04F79EFBC}") = "BlazorWasm", "BlazorWasm.csproj", "{1E12185C-7298-4100-AC79-2CF48C4982B3}"
EndProject
Global
	GlobalSection(SolutionConfigurationPlatforms) = preSolution
		Debug|Any CPU = Debug|Any CPU
		Release|Any CPU = Release|Any CPU
	EndGlobalSection
	GlobalSection(ProjectConfigurationPlatforms) = postSolution
		{1E12185C-7298-4100-AC79-2CF48C4982B3}.Debug|Any CPU.ActiveCfg = Debug|Any CPU
		{1E12185C-7298-4100-AC79-2CF48C4982B3}.Debug|Any CPU.Build.0 = Debug|Any CPU
		{1E12185C-7298-4100-AC79-2CF48C4982B3}.Release|Any CPU.ActiveCfg = Release|Any CPU
		{1E12185C-7298-4100-AC79-2CF48C4982B3}.Release|Any CPU.Build.0 = Release|Any CPU
	EndGlobalSection
	GlobalSection(SolutionProperties) = preSolution
		HideSolutionNode = FALSE
	EndGlobalSection
	GlobalSection(ExtensibilityGlobals) = postSolution
		SolutionGuid = {84B47B14-8EEA-417C-93CC-95F878673F4C}
	EndGlobalSection
EndGlobal
