
Microsoft Visual Studio Solution File, Format Version 12.00
# Visual Studio Version 17
VisualStudioVersion = 17.0.31903.59
MinimumVisualStudioVersion = 10.0.40219.1
Project("{FAE04EC0-301F-11D3-BF4B-00C04F79EFBC}") = "AnalyzerSample", "AnalyzerSample\AnalyzerSample.csproj", "{94C1AD44-8AC5-4EEA-BDC2-05EC1C3DB3B7}"
EndProject
Project("{FAE04EC0-301F-11D3-BF4B-00C04F79EFBC}") = "BlazorWasm", "BlazorWasm\BlazorWasm.csproj", "{3CAA62F7-B096-40EA-B5D0-22D72B086C1C}"
EndProject
Project("{FAE04EC0-301F-11D3-BF4B-00C04F79EFBC}") = "Codebreaker.Analyzers.Benchmark", "Codebreaker.Analyzers.Benchmark\Codebreaker.Analyzers.Benchmark.csproj", "{8ED66E32-3D13-4514-A81B-92F1248A3F73}"
EndProject
Project("{2150E333-8FDC-42A3-9474-1A3956D46DE8}") = "Solution Items", "Solution Items", "{8EC462FD-D22E-90A8-E5CE-7E832BA40C5D}"
	ProjectSection(SolutionItems) = preProject
		..\Directory.Packages.props = ..\Directory.Packages.props
		Readme.md = Readme.md
	EndProjectSection
EndProject
Project("{FAE04EC0-301F-11D3-BF4B-00C04F79EFBC}") = "SimpleApp", "SimpleApp\SimpleApp.csproj", "{29EA92FF-9060-E5C0-1A9E-B05A97B61A8C}"
EndProject
Project("{FAE04EC0-301F-11D3-BF4B-00C04F79EFBC}") = "Codebreaker.Bot.Console", "Codebreaker.Bot.Console\Codebreaker.Bot.Console.csproj", "{DCD755F1-E458-BF2F-59B6-561421658E67}"
EndProject
Project("{FAE04EC0-301F-11D3-BF4B-00C04F79EFBC}") = "Codebreaker.Analyzers", "Codebreaker.GameAPIs.Analyzers\Codebreaker.Analyzers.csproj", "{C6BCF906-F271-A28B-BCF1-0FD963D7526A}"
EndProject
Project("{2150E333-8FDC-42A3-9474-1A3956D46DE8}") = "Codebreaker.Analyzer", "Codebreaker.Analyzer", "{02EA681E-C7D8-13C7-8484-4AC65E1B71E8}"
EndProject
Project("{2150E333-8FDC-42A3-9474-1A3956D46DE8}") = "CodebreakerServices", "CodebreakerServices", "{18F7AE31-153D-49C2-A689-03643FA62E88}"
EndProject
Project("{FAE04EC0-301F-11D3-BF4B-00C04F79EFBC}") = "Codebreaker.AppHost", "CodebreakerServices\Codebreaker.AppHost\Codebreaker.AppHost.csproj", "{E0B82EA8-8911-1C4F-1145-54B02A073071}"
EndProject
Project("{FAE04EC0-301F-11D3-BF4B-00C04F79EFBC}") = "CodeBreaker.Bot", "CodebreakerServices\CodeBreaker.Bot\CodeBreaker.Bot.csproj", "{16D1F618-36FB-B60D-23A1-BE8B79D584F8}"
EndProject
Project("{FAE04EC0-301F-11D3-BF4B-00C04F79EFBC}") = "CodeBreaker.Bot.Tests", "CodebreakerServices\CodeBreaker.Bot.Tests\CodeBreaker.Bot.Tests.csproj", "{5075FE8B-E32B-2636-C17A-1567F670265F}"
EndProject
Project("{FAE04EC0-301F-11D3-BF4B-00C04F79EFBC}") = "Codebreaker.GameAPIs", "CodebreakerServices\Codebreaker.GameAPIs\Codebreaker.GameAPIs.csproj", "{53F8C5D3-C838-9703-0F8A-AA22515CAFEE}"
EndProject
Project("{FAE04EC0-301F-11D3-BF4B-00C04F79EFBC}") = "Codebreaker.ServiceDefaults", "CodebreakerServices\Codebreaker.ServiceDefaults\Codebreaker.ServiceDefaults.csproj", "{79A4A438-FE87-4C8F-BEE2-8BE3311FF173}"
EndProject
Project("{FAE04EC0-301F-11D3-BF4B-00C04F79EFBC}") = "LiveShaping", "UpgradeLegacyApp\LiveShaping\LiveShaping.csproj", "{AB453BC7-B4A0-FE9F-1FDB-6A1BAC67D93B}"
EndProject
Global
	GlobalSection(SolutionConfigurationPlatforms) = preSolution
		Debug|Any CPU = Debug|Any CPU
		Debug|x64 = Debug|x64
		Debug|x86 = Debug|x86
		Release|Any CPU = Release|Any CPU
		Release|x64 = Release|x64
		Release|x86 = Release|x86
	EndGlobalSection
	GlobalSection(ProjectConfigurationPlatforms) = postSolution
		{94C1AD44-8AC5-4EEA-BDC2-05EC1C3DB3B7}.Debug|Any CPU.ActiveCfg = Debug|Any CPU
		{94C1AD44-8AC5-4EEA-BDC2-05EC1C3DB3B7}.Debug|Any CPU.Build.0 = Debug|Any CPU
		{94C1AD44-8AC5-4EEA-BDC2-05EC1C3DB3B7}.Debug|x64.ActiveCfg = Debug|Any CPU
		{94C1AD44-8AC5-4EEA-BDC2-05EC1C3DB3B7}.Debug|x64.Build.0 = Debug|Any CPU
		{94C1AD44-8AC5-4EEA-BDC2-05EC1C3DB3B7}.Debug|x86.ActiveCfg = Debug|Any CPU
		{94C1AD44-8AC5-4EEA-BDC2-05EC1C3DB3B7}.Debug|x86.Build.0 = Debug|Any CPU
		{94C1AD44-8AC5-4EEA-BDC2-05EC1C3DB3B7}.Release|Any CPU.ActiveCfg = Release|Any CPU
		{94C1AD44-8AC5-4EEA-BDC2-05EC1C3DB3B7}.Release|Any CPU.Build.0 = Release|Any CPU
		{94C1AD44-8AC5-4EEA-BDC2-05EC1C3DB3B7}.Release|x64.ActiveCfg = Release|Any CPU
		{94C1AD44-8AC5-4EEA-BDC2-05EC1C3DB3B7}.Release|x64.Build.0 = Release|Any CPU
		{94C1AD44-8AC5-4EEA-BDC2-05EC1C3DB3B7}.Release|x86.ActiveCfg = Release|Any CPU
		{94C1AD44-8AC5-4EEA-BDC2-05EC1C3DB3B7}.Release|x86.Build.0 = Release|Any CPU
		{3CAA62F7-B096-40EA-B5D0-22D72B086C1C}.Debug|Any CPU.ActiveCfg = Debug|Any CPU
		{3CAA62F7-B096-40EA-B5D0-22D72B086C1C}.Debug|Any CPU.Build.0 = Debug|Any CPU
		{3CAA62F7-B096-40EA-B5D0-22D72B086C1C}.Debug|x64.ActiveCfg = Debug|Any CPU
		{3CAA62F7-B096-40EA-B5D0-22D72B086C1C}.Debug|x64.Build.0 = Debug|Any CPU
		{3CAA62F7-B096-40EA-B5D0-22D72B086C1C}.Debug|x86.ActiveCfg = Debug|Any CPU
		{3CAA62F7-B096-40EA-B5D0-22D72B086C1C}.Debug|x86.Build.0 = Debug|Any CPU
		{3CAA62F7-B096-40EA-B5D0-22D72B086C1C}.Release|Any CPU.ActiveCfg = Release|Any CPU
		{3CAA62F7-B096-40EA-B5D0-22D72B086C1C}.Release|Any CPU.Build.0 = Release|Any CPU
		{3CAA62F7-B096-40EA-B5D0-22D72B086C1C}.Release|x64.ActiveCfg = Release|Any CPU
		{3CAA62F7-B096-40EA-B5D0-22D72B086C1C}.Release|x64.Build.0 = Release|Any CPU
		{3CAA62F7-B096-40EA-B5D0-22D72B086C1C}.Release|x86.ActiveCfg = Release|Any CPU
		{3CAA62F7-B096-40EA-B5D0-22D72B086C1C}.Release|x86.Build.0 = Release|Any CPU
		{8ED66E32-3D13-4514-A81B-92F1248A3F73}.Debug|Any CPU.ActiveCfg = Debug|Any CPU
		{8ED66E32-3D13-4514-A81B-92F1248A3F73}.Debug|Any CPU.Build.0 = Debug|Any CPU
		{8ED66E32-3D13-4514-A81B-92F1248A3F73}.Debug|x64.ActiveCfg = Debug|Any CPU
		{8ED66E32-3D13-4514-A81B-92F1248A3F73}.Debug|x64.Build.0 = Debug|Any CPU
		{8ED66E32-3D13-4514-A81B-92F1248A3F73}.Debug|x86.ActiveCfg = Debug|Any CPU
		{8ED66E32-3D13-4514-A81B-92F1248A3F73}.Debug|x86.Build.0 = Debug|Any CPU
		{8ED66E32-3D13-4514-A81B-92F1248A3F73}.Release|Any CPU.ActiveCfg = Release|Any CPU
		{8ED66E32-3D13-4514-A81B-92F1248A3F73}.Release|Any CPU.Build.0 = Release|Any CPU
		{8ED66E32-3D13-4514-A81B-92F1248A3F73}.Release|x64.ActiveCfg = Release|Any CPU
		{8ED66E32-3D13-4514-A81B-92F1248A3F73}.Release|x64.Build.0 = Release|Any CPU
		{8ED66E32-3D13-4514-A81B-92F1248A3F73}.Release|x86.ActiveCfg = Release|Any CPU
		{8ED66E32-3D13-4514-A81B-92F1248A3F73}.Release|x86.Build.0 = Release|Any CPU
		{29EA92FF-9060-E5C0-1A9E-B05A97B61A8C}.Debug|Any CPU.ActiveCfg = Debug|Any CPU
		{29EA92FF-9060-E5C0-1A9E-B05A97B61A8C}.Debug|Any CPU.Build.0 = Debug|Any CPU
		{29EA92FF-9060-E5C0-1A9E-B05A97B61A8C}.Debug|x64.ActiveCfg = Debug|Any CPU
		{29EA92FF-9060-E5C0-1A9E-B05A97B61A8C}.Debug|x64.Build.0 = Debug|Any CPU
		{29EA92FF-9060-E5C0-1A9E-B05A97B61A8C}.Debug|x86.ActiveCfg = Debug|Any CPU
		{29EA92FF-9060-E5C0-1A9E-B05A97B61A8C}.Debug|x86.Build.0 = Debug|Any CPU
		{29EA92FF-9060-E5C0-1A9E-B05A97B61A8C}.Release|Any CPU.ActiveCfg = Release|Any CPU
		{29EA92FF-9060-E5C0-1A9E-B05A97B61A8C}.Release|Any CPU.Build.0 = Release|Any CPU
		{29EA92FF-9060-E5C0-1A9E-B05A97B61A8C}.Release|x64.ActiveCfg = Release|Any CPU
		{29EA92FF-9060-E5C0-1A9E-B05A97B61A8C}.Release|x64.Build.0 = Release|Any CPU
		{29EA92FF-9060-E5C0-1A9E-B05A97B61A8C}.Release|x86.ActiveCfg = Release|Any CPU
		{29EA92FF-9060-E5C0-1A9E-B05A97B61A8C}.Release|x86.Build.0 = Release|Any CPU
		{DCD755F1-E458-BF2F-59B6-561421658E67}.Debug|Any CPU.ActiveCfg = Debug|Any CPU
		{DCD755F1-E458-BF2F-59B6-561421658E67}.Debug|Any CPU.Build.0 = Debug|Any CPU
		{DCD755F1-E458-BF2F-59B6-561421658E67}.Debug|x64.ActiveCfg = Debug|Any CPU
		{DCD755F1-E458-BF2F-59B6-561421658E67}.Debug|x64.Build.0 = Debug|Any CPU
		{DCD755F1-E458-BF2F-59B6-561421658E67}.Debug|x86.ActiveCfg = Debug|Any CPU
		{DCD755F1-E458-BF2F-59B6-561421658E67}.Debug|x86.Build.0 = Debug|Any CPU
		{DCD755F1-E458-BF2F-59B6-561421658E67}.Release|Any CPU.ActiveCfg = Release|Any CPU
		{DCD755F1-E458-BF2F-59B6-561421658E67}.Release|Any CPU.Build.0 = Release|Any CPU
		{DCD755F1-E458-BF2F-59B6-561421658E67}.Release|x64.ActiveCfg = Release|Any CPU
		{DCD755F1-E458-BF2F-59B6-561421658E67}.Release|x64.Build.0 = Release|Any CPU
		{DCD755F1-E458-BF2F-59B6-561421658E67}.Release|x86.ActiveCfg = Release|Any CPU
		{DCD755F1-E458-BF2F-59B6-561421658E67}.Release|x86.Build.0 = Release|Any CPU
		{C6BCF906-F271-A28B-BCF1-0FD963D7526A}.Debug|Any CPU.ActiveCfg = Debug|Any CPU
		{C6BCF906-F271-A28B-BCF1-0FD963D7526A}.Debug|Any CPU.Build.0 = Debug|Any CPU
		{C6BCF906-F271-A28B-BCF1-0FD963D7526A}.Debug|x64.ActiveCfg = Debug|Any CPU
		{C6BCF906-F271-A28B-BCF1-0FD963D7526A}.Debug|x64.Build.0 = Debug|Any CPU
		{C6BCF906-F271-A28B-BCF1-0FD963D7526A}.Debug|x86.ActiveCfg = Debug|Any CPU
		{C6BCF906-F271-A28B-BCF1-0FD963D7526A}.Debug|x86.Build.0 = Debug|Any CPU
		{C6BCF906-F271-A28B-BCF1-0FD963D7526A}.Release|Any CPU.ActiveCfg = Release|Any CPU
		{C6BCF906-F271-A28B-BCF1-0FD963D7526A}.Release|Any CPU.Build.0 = Release|Any CPU
		{C6BCF906-F271-A28B-BCF1-0FD963D7526A}.Release|x64.ActiveCfg = Release|Any CPU
		{C6BCF906-F271-A28B-BCF1-0FD963D7526A}.Release|x64.Build.0 = Release|Any CPU
		{C6BCF906-F271-A28B-BCF1-0FD963D7526A}.Release|x86.ActiveCfg = Release|Any CPU
		{C6BCF906-F271-A28B-BCF1-0FD963D7526A}.Release|x86.Build.0 = Release|Any CPU
		{E0B82EA8-8911-1C4F-1145-54B02A073071}.Debug|Any CPU.ActiveCfg = Debug|Any CPU
		{E0B82EA8-8911-1C4F-1145-54B02A073071}.Debug|Any CPU.Build.0 = Debug|Any CPU
		{E0B82EA8-8911-1C4F-1145-54B02A073071}.Debug|x64.ActiveCfg = Debug|Any CPU
		{E0B82EA8-8911-1C4F-1145-54B02A073071}.Debug|x64.Build.0 = Debug|Any CPU
		{E0B82EA8-8911-1C4F-1145-54B02A073071}.Debug|x86.ActiveCfg = Debug|Any CPU
		{E0B82EA8-8911-1C4F-1145-54B02A073071}.Debug|x86.Build.0 = Debug|Any CPU
		{E0B82EA8-8911-1C4F-1145-54B02A073071}.Release|Any CPU.ActiveCfg = Release|Any CPU
		{E0B82EA8-8911-1C4F-1145-54B02A073071}.Release|Any CPU.Build.0 = Release|Any CPU
		{E0B82EA8-8911-1C4F-1145-54B02A073071}.Release|x64.ActiveCfg = Release|Any CPU
		{E0B82EA8-8911-1C4F-1145-54B02A073071}.Release|x64.Build.0 = Release|Any CPU
		{E0B82EA8-8911-1C4F-1145-54B02A073071}.Release|x86.ActiveCfg = Release|Any CPU
		{E0B82EA8-8911-1C4F-1145-54B02A073071}.Release|x86.Build.0 = Release|Any CPU
		{16D1F618-36FB-B60D-23A1-BE8B79D584F8}.Debug|Any CPU.ActiveCfg = Debug|Any CPU
		{16D1F618-36FB-B60D-23A1-BE8B79D584F8}.Debug|Any CPU.Build.0 = Debug|Any CPU
		{16D1F618-36FB-B60D-23A1-BE8B79D584F8}.Debug|x64.ActiveCfg = Debug|Any CPU
		{16D1F618-36FB-B60D-23A1-BE8B79D584F8}.Debug|x64.Build.0 = Debug|Any CPU
		{16D1F618-36FB-B60D-23A1-BE8B79D584F8}.Debug|x86.ActiveCfg = Debug|Any CPU
		{16D1F618-36FB-B60D-23A1-BE8B79D584F8}.Debug|x86.Build.0 = Debug|Any CPU
		{16D1F618-36FB-B60D-23A1-BE8B79D584F8}.Release|Any CPU.ActiveCfg = Release|Any CPU
		{16D1F618-36FB-B60D-23A1-BE8B79D584F8}.Release|Any CPU.Build.0 = Release|Any CPU
		{16D1F618-36FB-B60D-23A1-BE8B79D584F8}.Release|x64.ActiveCfg = Release|Any CPU
		{16D1F618-36FB-B60D-23A1-BE8B79D584F8}.Release|x64.Build.0 = Release|Any CPU
		{16D1F618-36FB-B60D-23A1-BE8B79D584F8}.Release|x86.ActiveCfg = Release|Any CPU
		{16D1F618-36FB-B60D-23A1-BE8B79D584F8}.Release|x86.Build.0 = Release|Any CPU
		{5075FE8B-E32B-2636-C17A-1567F670265F}.Debug|Any CPU.ActiveCfg = Debug|Any CPU
		{5075FE8B-E32B-2636-C17A-1567F670265F}.Debug|Any CPU.Build.0 = Debug|Any CPU
		{5075FE8B-E32B-2636-C17A-1567F670265F}.Debug|x64.ActiveCfg = Debug|Any CPU
		{5075FE8B-E32B-2636-C17A-1567F670265F}.Debug|x64.Build.0 = Debug|Any CPU
		{5075FE8B-E32B-2636-C17A-1567F670265F}.Debug|x86.ActiveCfg = Debug|Any CPU
		{5075FE8B-E32B-2636-C17A-1567F670265F}.Debug|x86.Build.0 = Debug|Any CPU
		{5075FE8B-E32B-2636-C17A-1567F670265F}.Release|Any CPU.ActiveCfg = Release|Any CPU
		{5075FE8B-E32B-2636-C17A-1567F670265F}.Release|Any CPU.Build.0 = Release|Any CPU
		{5075FE8B-E32B-2636-C17A-1567F670265F}.Release|x64.ActiveCfg = Release|Any CPU
		{5075FE8B-E32B-2636-C17A-1567F670265F}.Release|x64.Build.0 = Release|Any CPU
		{5075FE8B-E32B-2636-C17A-1567F670265F}.Release|x86.ActiveCfg = Release|Any CPU
		{5075FE8B-E32B-2636-C17A-1567F670265F}.Release|x86.Build.0 = Release|Any CPU
		{53F8C5D3-C838-9703-0F8A-AA22515CAFEE}.Debug|Any CPU.ActiveCfg = Debug|Any CPU
		{53F8C5D3-C838-9703-0F8A-AA22515CAFEE}.Debug|Any CPU.Build.0 = Debug|Any CPU
		{53F8C5D3-C838-9703-0F8A-AA22515CAFEE}.Debug|x64.ActiveCfg = Debug|Any CPU
		{53F8C5D3-C838-9703-0F8A-AA22515CAFEE}.Debug|x64.Build.0 = Debug|Any CPU
		{53F8C5D3-C838-9703-0F8A-AA22515CAFEE}.Debug|x86.ActiveCfg = Debug|Any CPU
		{53F8C5D3-C838-9703-0F8A-AA22515CAFEE}.Debug|x86.Build.0 = Debug|Any CPU
		{53F8C5D3-C838-9703-0F8A-AA22515CAFEE}.Release|Any CPU.ActiveCfg = Release|Any CPU
		{53F8C5D3-C838-9703-0F8A-AA22515CAFEE}.Release|Any CPU.Build.0 = Release|Any CPU
		{53F8C5D3-C838-9703-0F8A-AA22515CAFEE}.Release|x64.ActiveCfg = Release|Any CPU
		{53F8C5D3-C838-9703-0F8A-AA22515CAFEE}.Release|x64.Build.0 = Release|Any CPU
		{53F8C5D3-C838-9703-0F8A-AA22515CAFEE}.Release|x86.ActiveCfg = Release|Any CPU
		{53F8C5D3-C838-9703-0F8A-AA22515CAFEE}.Release|x86.Build.0 = Release|Any CPU
		{79A4A438-FE87-4C8F-BEE2-8BE3311FF173}.Debug|Any CPU.ActiveCfg = Debug|Any CPU
		{79A4A438-FE87-4C8F-BEE2-8BE3311FF173}.Debug|Any CPU.Build.0 = Debug|Any CPU
		{79A4A438-FE87-4C8F-BEE2-8BE3311FF173}.Debug|x64.ActiveCfg = Debug|Any CPU
		{79A4A438-FE87-4C8F-BEE2-8BE3311FF173}.Debug|x64.Build.0 = Debug|Any CPU
		{79A4A438-FE87-4C8F-BEE2-8BE3311FF173}.Debug|x86.ActiveCfg = Debug|Any CPU
		{79A4A438-FE87-4C8F-BEE2-8BE3311FF173}.Debug|x86.Build.0 = Debug|Any CPU
		{79A4A438-FE87-4C8F-BEE2-8BE3311FF173}.Release|Any CPU.ActiveCfg = Release|Any CPU
		{79A4A438-FE87-4C8F-BEE2-8BE3311FF173}.Release|Any CPU.Build.0 = Release|Any CPU
		{79A4A438-FE87-4C8F-BEE2-8BE3311FF173}.Release|x64.ActiveCfg = Release|Any CPU
		{79A4A438-FE87-4C8F-BEE2-8BE3311FF173}.Release|x64.Build.0 = Release|Any CPU
		{79A4A438-FE87-4C8F-BEE2-8BE3311FF173}.Release|x86.ActiveCfg = Release|Any CPU
		{79A4A438-FE87-4C8F-BEE2-8BE3311FF173}.Release|x86.Build.0 = Release|Any CPU
		{AB453BC7-B4A0-FE9F-1FDB-6A1BAC67D93B}.Debug|Any CPU.ActiveCfg = Debug|Any CPU
		{AB453BC7-B4A0-FE9F-1FDB-6A1BAC67D93B}.Debug|Any CPU.Build.0 = Debug|Any CPU
		{AB453BC7-B4A0-FE9F-1FDB-6A1BAC67D93B}.Debug|x64.ActiveCfg = Debug|Any CPU
		{AB453BC7-B4A0-FE9F-1FDB-6A1BAC67D93B}.Debug|x64.Build.0 = Debug|Any CPU
		{AB453BC7-B4A0-FE9F-1FDB-6A1BAC67D93B}.Debug|x86.ActiveCfg = Debug|Any CPU
		{AB453BC7-B4A0-FE9F-1FDB-6A1BAC67D93B}.Debug|x86.Build.0 = Debug|Any CPU
		{AB453BC7-B4A0-FE9F-1FDB-6A1BAC67D93B}.Release|Any CPU.ActiveCfg = Release|Any CPU
		{AB453BC7-B4A0-FE9F-1FDB-6A1BAC67D93B}.Release|Any CPU.Build.0 = Release|Any CPU
		{AB453BC7-B4A0-FE9F-1FDB-6A1BAC67D93B}.Release|x64.ActiveCfg = Release|Any CPU
		{AB453BC7-B4A0-FE9F-1FDB-6A1BAC67D93B}.Release|x64.Build.0 = Release|Any CPU
		{AB453BC7-B4A0-FE9F-1FDB-6A1BAC67D93B}.Release|x86.ActiveCfg = Release|Any CPU
		{AB453BC7-B4A0-FE9F-1FDB-6A1BAC67D93B}.Release|x86.Build.0 = Release|Any CPU
	EndGlobalSection
	GlobalSection(SolutionProperties) = preSolution
		HideSolutionNode = FALSE
	EndGlobalSection
	GlobalSection(NestedProjects) = preSolution
		{8ED66E32-3D13-4514-A81B-92F1248A3F73} = {02EA681E-C7D8-13C7-8484-4AC65E1B71E8}
		{C6BCF906-F271-A28B-BCF1-0FD963D7526A} = {02EA681E-C7D8-13C7-8484-4AC65E1B71E8}
		{E0B82EA8-8911-1C4F-1145-54B02A073071} = {18F7AE31-153D-49C2-A689-03643FA62E88}
		{16D1F618-36FB-B60D-23A1-BE8B79D584F8} = {18F7AE31-153D-49C2-A689-03643FA62E88}
		{5075FE8B-E32B-2636-C17A-1567F670265F} = {18F7AE31-153D-49C2-A689-03643FA62E88}
		{53F8C5D3-C838-9703-0F8A-AA22515CAFEE} = {18F7AE31-153D-49C2-A689-03643FA62E88}
		{79A4A438-FE87-4C8F-BEE2-8BE3311FF173} = {18F7AE31-153D-49C2-A689-03643FA62E88}
	EndGlobalSection
	GlobalSection(ExtensibilityGlobals) = postSolution
		SolutionGuid = {B4B03A90-4DA6-485F-A6D0-BC50B1243601}
	EndGlobalSection
EndGlobal
