
Microsoft Visual Studio Solution File, Format Version 12.00
# Visual Studio Version 17
VisualStudioVersion = 17.0.31903.59
MinimumVisualStudioVersion = 10.0.40219.1
Project("{FAE04EC0-301F-11D3-BF4B-00C04F79EFBC}") = "Boxing", "Boxing\Boxing.csproj", "{0A024644-BC06-43F0-AE19-BC1128621186}"
EndProject
Project("{FAE04EC0-301F-11D3-BF4B-00C04F79EFBC}") = "ReadOnlySpanIterator", "ReadOnlySpanIterator\ReadOnlySpanIterator.csproj", "{29370DAC-2931-43EF-AFD5-132018C45149}"
EndProject
Project("{FAE04EC0-301F-11D3-BF4B-00C04F79EFBC}") = "RefStructSample", "RefStructSample\RefStructSample.csproj", "{580DBB59-7C9D-4588-A888-FA9642B6A328}"
EndProject
Project("{FAE04EC0-301F-11D3-BF4B-00C04F79EFBC}") = "SpanIterator", "SpanIterator\SpanIterator.csproj", "{BC2144CC-2FFE-4C5A-8A7B-D82353FCC3B0}"
EndProject
Global
	GlobalSection(SolutionConfigurationPlatforms) = preSolution
		Debug|Any CPU = Debug|Any CPU
		Release|Any CPU = Release|Any CPU
	EndGlobalSection
	GlobalSection(ProjectConfigurationPlatforms) = postSolution
		{0A024644-BC06-43F0-AE19-BC1128621186}.Debug|Any CPU.ActiveCfg = Debug|Any CPU
		{0A024644-BC06-43F0-AE19-BC1128621186}.Debug|Any CPU.Build.0 = Debug|Any CPU
		{0A024644-BC06-43F0-AE19-BC1128621186}.Release|Any CPU.ActiveCfg = Release|Any CPU
		{0A024644-BC06-43F0-AE19-BC1128621186}.Release|Any CPU.Build.0 = Release|Any CPU
		{29370DAC-2931-43EF-AFD5-132018C45149}.Debug|Any CPU.ActiveCfg = Debug|Any CPU
		{29370DAC-2931-43EF-AFD5-132018C45149}.Debug|Any CPU.Build.0 = Debug|Any CPU
		{29370DAC-2931-43EF-AFD5-132018C45149}.Release|Any CPU.ActiveCfg = Release|Any CPU
		{29370DAC-2931-43EF-AFD5-132018C45149}.Release|Any CPU.Build.0 = Release|Any CPU
		{580DBB59-7C9D-4588-A888-FA9642B6A328}.Debug|Any CPU.ActiveCfg = Debug|Any CPU
		{580DBB59-7C9D-4588-A888-FA9642B6A328}.Debug|Any CPU.Build.0 = Debug|Any CPU
		{580DBB59-7C9D-4588-A888-FA9642B6A328}.Release|Any CPU.ActiveCfg = Release|Any CPU
		{580DBB59-7C9D-4588-A888-FA9642B6A328}.Release|Any CPU.Build.0 = Release|Any CPU
		{BC2144CC-2FFE-4C5A-8A7B-D82353FCC3B0}.Debug|Any CPU.ActiveCfg = Debug|Any CPU
		{BC2144CC-2FFE-4C5A-8A7B-D82353FCC3B0}.Debug|Any CPU.Build.0 = Debug|Any CPU
		{BC2144CC-2FFE-4C5A-8A7B-D82353FCC3B0}.Release|Any CPU.ActiveCfg = Release|Any CPU
		{BC2144CC-2FFE-4C5A-8A7B-D82353FCC3B0}.Release|Any CPU.Build.0 = Release|Any CPU
	EndGlobalSection
	GlobalSection(SolutionProperties) = preSolution
		HideSolutionNode = FALSE
	EndGlobalSection
EndGlobal
