
Microsoft Visual Studio Solution File, Format Version 12.00
# Visual Studio Version 17
VisualStudioVersion = 17.0.31903.59
MinimumVisualStudioVersion = 10.0.40219.1
Project("{FAE04EC0-301F-11D3-BF4B-00C04F79EFBC}") = "WPFWithEvents", "WPFWithEvents\WPFWithEvents.csproj", "{AB016A4D-AEB4-40D5-A17F-71765FCC2D21}"
EndProject
Project("{FAE04EC0-301F-11D3-BF4B-00C04F79EFBC}") = "BlazorEvents", "BlazorEvents\BlazorEvents\BlazorEvents.csproj", "{2ABB3070-FD78-4ACB-BB01-ED5B3DC059B8}"
EndProject
Project("{FAE04EC0-301F-11D3-BF4B-00C04F79EFBC}") = "BlazorEvents.Client", "BlazorEvents\BlazorEvents.Client\BlazorEvents.Client.csproj", "{F1310568-A962-4C9C-9874-623AC9D58350}"
EndProject
Project("{2150E333-8FDC-42A3-9474-1A3956D46DE8}") = "Events", "Events", "{02EA681E-C7D8-13C7-8484-4AC65E1B71E8}"
EndProject
Project("{FAE04EC0-301F-11D3-BF4B-00C04F79EFBC}") = "Closures", "Closures\Closures.csproj", "{892364FA-96D9-40A9-947D-7B644AEB01DE}"
EndProject
Project("{2150E333-8FDC-42A3-9474-1A3956D46DE8}") = "Delegates", "Delegates", "{2567DE86-AB9B-4E4F-9060-07A0E05C864F}"
EndProject
Project("{FAE04EC0-301F-11D3-BF4B-00C04F79EFBC}") = "ThreadingTimer", "ThreadingTimer\ThreadingTimer.csproj", "{CE9369CC-0E86-4873-90E0-C42195B0B957}"
EndProject
Project("{FAE04EC0-301F-11D3-BF4B-00C04F79EFBC}") = "TimersTimer", "TimersTimer\TimersTimer.csproj", "{2E72722D-5897-4494-8E03-23555ECF05A3}"
EndProject
Project("{FAE04EC0-301F-11D3-BF4B-00C04F79EFBC}") = "DelegatesSamples", "DelegatesSamples\DelegatesSamples.csproj", "{D5C5A0A2-D56E-939C-9B0C-3DEE56CDCFA5}"
EndProject
Project("{FAE04EC0-301F-11D3-BF4B-00C04F79EFBC}") = "EventsSample", "EventsSample\EventsSample.csproj", "{65F07D16-30E1-56F9-5C31-421446E785A4}"
EndProject
Project("{2150E333-8FDC-42A3-9474-1A3956D46DE8}") = "Solution Items", "Solution Items", "{8EC462FD-D22E-90A8-E5CE-7E832BA40C5D}"
	ProjectSection(SolutionItems) = preProject
		..\Directory.Packages.props = ..\Directory.Packages.props
		events.md = events.md
		Readme.md = Readme.md
	EndProjectSection
EndProject
Project("{FAE04EC0-301F-11D3-BF4B-00C04F79EFBC}") = "WeakEvents", "WeakEvents\WeakEvents.csproj", "{2FF1064E-3E2F-DC7F-1769-E665A09897FF}"
EndProject
Project("{2150E333-8FDC-42A3-9474-1A3956D46DE8}") = "Blazor", "Blazor", "{04176D51-BFDC-4C72-B861-257AB7B4DA0B}"
EndProject
Project("{FAE04EC0-301F-11D3-BF4B-00C04F79EFBC}") = "WPFWeakEvents", "WPFWeakEvents\WPFWeakEvents.csproj", "{E8B07D06-1FBA-4EBC-B24D-6160B80B1979}"
EndProject
Global
	GlobalSection(SolutionConfigurationPlatforms) = preSolution
		Debug|Any CPU = Debug|Any CPU
		Debug|ARM64 = Debug|ARM64
		Debug|x64 = Debug|x64
		Debug|x86 = Debug|x86
		Release|Any CPU = Release|Any CPU
		Release|ARM64 = Release|ARM64
		Release|x64 = Release|x64
		Release|x86 = Release|x86
	EndGlobalSection
	GlobalSection(ProjectConfigurationPlatforms) = postSolution
		{AB016A4D-AEB4-40D5-A17F-71765FCC2D21}.Debug|Any CPU.ActiveCfg = Debug|Any CPU
		{AB016A4D-AEB4-40D5-A17F-71765FCC2D21}.Debug|Any CPU.Build.0 = Debug|Any CPU
		{AB016A4D-AEB4-40D5-A17F-71765FCC2D21}.Debug|ARM64.ActiveCfg = Debug|Any CPU
		{AB016A4D-AEB4-40D5-A17F-71765FCC2D21}.Debug|ARM64.Build.0 = Debug|Any CPU
		{AB016A4D-AEB4-40D5-A17F-71765FCC2D21}.Debug|x64.ActiveCfg = Debug|Any CPU
		{AB016A4D-AEB4-40D5-A17F-71765FCC2D21}.Debug|x64.Build.0 = Debug|Any CPU
		{AB016A4D-AEB4-40D5-A17F-71765FCC2D21}.Debug|x86.ActiveCfg = Debug|Any CPU
		{AB016A4D-AEB4-40D5-A17F-71765FCC2D21}.Debug|x86.Build.0 = Debug|Any CPU
		{AB016A4D-AEB4-40D5-A17F-71765FCC2D21}.Release|Any CPU.ActiveCfg = Release|Any CPU
		{AB016A4D-AEB4-40D5-A17F-71765FCC2D21}.Release|Any CPU.Build.0 = Release|Any CPU
		{AB016A4D-AEB4-40D5-A17F-71765FCC2D21}.Release|ARM64.ActiveCfg = Release|Any CPU
		{AB016A4D-AEB4-40D5-A17F-71765FCC2D21}.Release|ARM64.Build.0 = Release|Any CPU
		{AB016A4D-AEB4-40D5-A17F-71765FCC2D21}.Release|x64.ActiveCfg = Release|Any CPU
		{AB016A4D-AEB4-40D5-A17F-71765FCC2D21}.Release|x64.Build.0 = Release|Any CPU
		{AB016A4D-AEB4-40D5-A17F-71765FCC2D21}.Release|x86.ActiveCfg = Release|Any CPU
		{AB016A4D-AEB4-40D5-A17F-71765FCC2D21}.Release|x86.Build.0 = Release|Any CPU
		{2ABB3070-FD78-4ACB-BB01-ED5B3DC059B8}.Debug|Any CPU.ActiveCfg = Debug|Any CPU
		{2ABB3070-FD78-4ACB-BB01-ED5B3DC059B8}.Debug|Any CPU.Build.0 = Debug|Any CPU
		{2ABB3070-FD78-4ACB-BB01-ED5B3DC059B8}.Debug|ARM64.ActiveCfg = Debug|Any CPU
		{2ABB3070-FD78-4ACB-BB01-ED5B3DC059B8}.Debug|ARM64.Build.0 = Debug|Any CPU
		{2ABB3070-FD78-4ACB-BB01-ED5B3DC059B8}.Debug|x64.ActiveCfg = Debug|Any CPU
		{2ABB3070-FD78-4ACB-BB01-ED5B3DC059B8}.Debug|x64.Build.0 = Debug|Any CPU
		{2ABB3070-FD78-4ACB-BB01-ED5B3DC059B8}.Debug|x86.ActiveCfg = Debug|Any CPU
		{2ABB3070-FD78-4ACB-BB01-ED5B3DC059B8}.Debug|x86.Build.0 = Debug|Any CPU
		{2ABB3070-FD78-4ACB-BB01-ED5B3DC059B8}.Release|Any CPU.ActiveCfg = Release|Any CPU
		{2ABB3070-FD78-4ACB-BB01-ED5B3DC059B8}.Release|Any CPU.Build.0 = Release|Any CPU
		{2ABB3070-FD78-4ACB-BB01-ED5B3DC059B8}.Release|ARM64.ActiveCfg = Release|Any CPU
		{2ABB3070-FD78-4ACB-BB01-ED5B3DC059B8}.Release|ARM64.Build.0 = Release|Any CPU
		{2ABB3070-FD78-4ACB-BB01-ED5B3DC059B8}.Release|x64.ActiveCfg = Release|Any CPU
		{2ABB3070-FD78-4ACB-BB01-ED5B3DC059B8}.Release|x64.Build.0 = Release|Any CPU
		{2ABB3070-FD78-4ACB-BB01-ED5B3DC059B8}.Release|x86.ActiveCfg = Release|Any CPU
		{2ABB3070-FD78-4ACB-BB01-ED5B3DC059B8}.Release|x86.Build.0 = Release|Any CPU
		{F1310568-A962-4C9C-9874-623AC9D58350}.Debug|Any CPU.ActiveCfg = Debug|Any CPU
		{F1310568-A962-4C9C-9874-623AC9D58350}.Debug|Any CPU.Build.0 = Debug|Any CPU
		{F1310568-A962-4C9C-9874-623AC9D58350}.Debug|ARM64.ActiveCfg = Debug|Any CPU
		{F1310568-A962-4C9C-9874-623AC9D58350}.Debug|ARM64.Build.0 = Debug|Any CPU
		{F1310568-A962-4C9C-9874-623AC9D58350}.Debug|x64.ActiveCfg = Debug|Any CPU
		{F1310568-A962-4C9C-9874-623AC9D58350}.Debug|x64.Build.0 = Debug|Any CPU
		{F1310568-A962-4C9C-9874-623AC9D58350}.Debug|x86.ActiveCfg = Debug|Any CPU
		{F1310568-A962-4C9C-9874-623AC9D58350}.Debug|x86.Build.0 = Debug|Any CPU
		{F1310568-A962-4C9C-9874-623AC9D58350}.Release|Any CPU.ActiveCfg = Release|Any CPU
		{F1310568-A962-4C9C-9874-623AC9D58350}.Release|Any CPU.Build.0 = Release|Any CPU
		{F1310568-A962-4C9C-9874-623AC9D58350}.Release|ARM64.ActiveCfg = Release|Any CPU
		{F1310568-A962-4C9C-9874-623AC9D58350}.Release|ARM64.Build.0 = Release|Any CPU
		{F1310568-A962-4C9C-9874-623AC9D58350}.Release|x64.ActiveCfg = Release|Any CPU
		{F1310568-A962-4C9C-9874-623AC9D58350}.Release|x64.Build.0 = Release|Any CPU
		{F1310568-A962-4C9C-9874-623AC9D58350}.Release|x86.ActiveCfg = Release|Any CPU
		{F1310568-A962-4C9C-9874-623AC9D58350}.Release|x86.Build.0 = Release|Any CPU
		{892364FA-96D9-40A9-947D-7B644AEB01DE}.Debug|Any CPU.ActiveCfg = Debug|Any CPU
		{892364FA-96D9-40A9-947D-7B644AEB01DE}.Debug|Any CPU.Build.0 = Debug|Any CPU
		{892364FA-96D9-40A9-947D-7B644AEB01DE}.Debug|ARM64.ActiveCfg = Debug|Any CPU
		{892364FA-96D9-40A9-947D-7B644AEB01DE}.Debug|ARM64.Build.0 = Debug|Any CPU
		{892364FA-96D9-40A9-947D-7B644AEB01DE}.Debug|x64.ActiveCfg = Debug|Any CPU
		{892364FA-96D9-40A9-947D-7B644AEB01DE}.Debug|x64.Build.0 = Debug|Any CPU
		{892364FA-96D9-40A9-947D-7B644AEB01DE}.Debug|x86.ActiveCfg = Debug|Any CPU
		{892364FA-96D9-40A9-947D-7B644AEB01DE}.Debug|x86.Build.0 = Debug|Any CPU
		{892364FA-96D9-40A9-947D-7B644AEB01DE}.Release|Any CPU.ActiveCfg = Release|Any CPU
		{892364FA-96D9-40A9-947D-7B644AEB01DE}.Release|Any CPU.Build.0 = Release|Any CPU
		{892364FA-96D9-40A9-947D-7B644AEB01DE}.Release|ARM64.ActiveCfg = Release|Any CPU
		{892364FA-96D9-40A9-947D-7B644AEB01DE}.Release|ARM64.Build.0 = Release|Any CPU
		{892364FA-96D9-40A9-947D-7B644AEB01DE}.Release|x64.ActiveCfg = Release|Any CPU
		{892364FA-96D9-40A9-947D-7B644AEB01DE}.Release|x64.Build.0 = Release|Any CPU
		{892364FA-96D9-40A9-947D-7B644AEB01DE}.Release|x86.ActiveCfg = Release|Any CPU
		{892364FA-96D9-40A9-947D-7B644AEB01DE}.Release|x86.Build.0 = Release|Any CPU
		{CE9369CC-0E86-4873-90E0-C42195B0B957}.Debug|Any CPU.ActiveCfg = Debug|Any CPU
		{CE9369CC-0E86-4873-90E0-C42195B0B957}.Debug|Any CPU.Build.0 = Debug|Any CPU
		{CE9369CC-0E86-4873-90E0-C42195B0B957}.Debug|ARM64.ActiveCfg = Debug|Any CPU
		{CE9369CC-0E86-4873-90E0-C42195B0B957}.Debug|ARM64.Build.0 = Debug|Any CPU
		{CE9369CC-0E86-4873-90E0-C42195B0B957}.Debug|x64.ActiveCfg = Debug|Any CPU
		{CE9369CC-0E86-4873-90E0-C42195B0B957}.Debug|x64.Build.0 = Debug|Any CPU
		{CE9369CC-0E86-4873-90E0-C42195B0B957}.Debug|x86.ActiveCfg = Debug|Any CPU
		{CE9369CC-0E86-4873-90E0-C42195B0B957}.Debug|x86.Build.0 = Debug|Any CPU
		{CE9369CC-0E86-4873-90E0-C42195B0B957}.Release|Any CPU.ActiveCfg = Release|Any CPU
		{CE9369CC-0E86-4873-90E0-C42195B0B957}.Release|Any CPU.Build.0 = Release|Any CPU
		{CE9369CC-0E86-4873-90E0-C42195B0B957}.Release|ARM64.ActiveCfg = Release|Any CPU
		{CE9369CC-0E86-4873-90E0-C42195B0B957}.Release|ARM64.Build.0 = Release|Any CPU
		{CE9369CC-0E86-4873-90E0-C42195B0B957}.Release|x64.ActiveCfg = Release|Any CPU
		{CE9369CC-0E86-4873-90E0-C42195B0B957}.Release|x64.Build.0 = Release|Any CPU
		{CE9369CC-0E86-4873-90E0-C42195B0B957}.Release|x86.ActiveCfg = Release|Any CPU
		{CE9369CC-0E86-4873-90E0-C42195B0B957}.Release|x86.Build.0 = Release|Any CPU
		{2E72722D-5897-4494-8E03-23555ECF05A3}.Debug|Any CPU.ActiveCfg = Debug|Any CPU
		{2E72722D-5897-4494-8E03-23555ECF05A3}.Debug|Any CPU.Build.0 = Debug|Any CPU
		{2E72722D-5897-4494-8E03-23555ECF05A3}.Debug|ARM64.ActiveCfg = Debug|Any CPU
		{2E72722D-5897-4494-8E03-23555ECF05A3}.Debug|ARM64.Build.0 = Debug|Any CPU
		{2E72722D-5897-4494-8E03-23555ECF05A3}.Debug|x64.ActiveCfg = Debug|Any CPU
		{2E72722D-5897-4494-8E03-23555ECF05A3}.Debug|x64.Build.0 = Debug|Any CPU
		{2E72722D-5897-4494-8E03-23555ECF05A3}.Debug|x86.ActiveCfg = Debug|Any CPU
		{2E72722D-5897-4494-8E03-23555ECF05A3}.Debug|x86.Build.0 = Debug|Any CPU
		{2E72722D-5897-4494-8E03-23555ECF05A3}.Release|Any CPU.ActiveCfg = Release|Any CPU
		{2E72722D-5897-4494-8E03-23555ECF05A3}.Release|Any CPU.Build.0 = Release|Any CPU
		{2E72722D-5897-4494-8E03-23555ECF05A3}.Release|ARM64.ActiveCfg = Release|Any CPU
		{2E72722D-5897-4494-8E03-23555ECF05A3}.Release|ARM64.Build.0 = Release|Any CPU
		{2E72722D-5897-4494-8E03-23555ECF05A3}.Release|x64.ActiveCfg = Release|Any CPU
		{2E72722D-5897-4494-8E03-23555ECF05A3}.Release|x64.Build.0 = Release|Any CPU
		{2E72722D-5897-4494-8E03-23555ECF05A3}.Release|x86.ActiveCfg = Release|Any CPU
		{2E72722D-5897-4494-8E03-23555ECF05A3}.Release|x86.Build.0 = Release|Any CPU
		{D5C5A0A2-D56E-939C-9B0C-3DEE56CDCFA5}.Debug|Any CPU.ActiveCfg = Debug|Any CPU
		{D5C5A0A2-D56E-939C-9B0C-3DEE56CDCFA5}.Debug|Any CPU.Build.0 = Debug|Any CPU
		{D5C5A0A2-D56E-939C-9B0C-3DEE56CDCFA5}.Debug|ARM64.ActiveCfg = Debug|Any CPU
		{D5C5A0A2-D56E-939C-9B0C-3DEE56CDCFA5}.Debug|ARM64.Build.0 = Debug|Any CPU
		{D5C5A0A2-D56E-939C-9B0C-3DEE56CDCFA5}.Debug|x64.ActiveCfg = Debug|Any CPU
		{D5C5A0A2-D56E-939C-9B0C-3DEE56CDCFA5}.Debug|x64.Build.0 = Debug|Any CPU
		{D5C5A0A2-D56E-939C-9B0C-3DEE56CDCFA5}.Debug|x86.ActiveCfg = Debug|Any CPU
		{D5C5A0A2-D56E-939C-9B0C-3DEE56CDCFA5}.Debug|x86.Build.0 = Debug|Any CPU
		{D5C5A0A2-D56E-939C-9B0C-3DEE56CDCFA5}.Release|Any CPU.ActiveCfg = Release|Any CPU
		{D5C5A0A2-D56E-939C-9B0C-3DEE56CDCFA5}.Release|Any CPU.Build.0 = Release|Any CPU
		{D5C5A0A2-D56E-939C-9B0C-3DEE56CDCFA5}.Release|ARM64.ActiveCfg = Release|Any CPU
		{D5C5A0A2-D56E-939C-9B0C-3DEE56CDCFA5}.Release|ARM64.Build.0 = Release|Any CPU
		{D5C5A0A2-D56E-939C-9B0C-3DEE56CDCFA5}.Release|x64.ActiveCfg = Release|Any CPU
		{D5C5A0A2-D56E-939C-9B0C-3DEE56CDCFA5}.Release|x64.Build.0 = Release|Any CPU
		{D5C5A0A2-D56E-939C-9B0C-3DEE56CDCFA5}.Release|x86.ActiveCfg = Release|Any CPU
		{D5C5A0A2-D56E-939C-9B0C-3DEE56CDCFA5}.Release|x86.Build.0 = Release|Any CPU
		{65F07D16-30E1-56F9-5C31-421446E785A4}.Debug|Any CPU.ActiveCfg = Debug|Any CPU
		{65F07D16-30E1-56F9-5C31-421446E785A4}.Debug|Any CPU.Build.0 = Debug|Any CPU
		{65F07D16-30E1-56F9-5C31-421446E785A4}.Debug|ARM64.ActiveCfg = Debug|Any CPU
		{65F07D16-30E1-56F9-5C31-421446E785A4}.Debug|ARM64.Build.0 = Debug|Any CPU
		{65F07D16-30E1-56F9-5C31-421446E785A4}.Debug|x64.ActiveCfg = Debug|Any CPU
		{65F07D16-30E1-56F9-5C31-421446E785A4}.Debug|x64.Build.0 = Debug|Any CPU
		{65F07D16-30E1-56F9-5C31-421446E785A4}.Debug|x86.ActiveCfg = Debug|Any CPU
		{65F07D16-30E1-56F9-5C31-421446E785A4}.Debug|x86.Build.0 = Debug|Any CPU
		{65F07D16-30E1-56F9-5C31-421446E785A4}.Release|Any CPU.ActiveCfg = Release|Any CPU
		{65F07D16-30E1-56F9-5C31-421446E785A4}.Release|Any CPU.Build.0 = Release|Any CPU
		{65F07D16-30E1-56F9-5C31-421446E785A4}.Release|ARM64.ActiveCfg = Release|Any CPU
		{65F07D16-30E1-56F9-5C31-421446E785A4}.Release|ARM64.Build.0 = Release|Any CPU
		{65F07D16-30E1-56F9-5C31-421446E785A4}.Release|x64.ActiveCfg = Release|Any CPU
		{65F07D16-30E1-56F9-5C31-421446E785A4}.Release|x64.Build.0 = Release|Any CPU
		{65F07D16-30E1-56F9-5C31-421446E785A4}.Release|x86.ActiveCfg = Release|Any CPU
		{65F07D16-30E1-56F9-5C31-421446E785A4}.Release|x86.Build.0 = Release|Any CPU
		{2FF1064E-3E2F-DC7F-1769-E665A09897FF}.Debug|Any CPU.ActiveCfg = Debug|Any CPU
		{2FF1064E-3E2F-DC7F-1769-E665A09897FF}.Debug|Any CPU.Build.0 = Debug|Any CPU
		{2FF1064E-3E2F-DC7F-1769-E665A09897FF}.Debug|ARM64.ActiveCfg = Debug|Any CPU
		{2FF1064E-3E2F-DC7F-1769-E665A09897FF}.Debug|ARM64.Build.0 = Debug|Any CPU
		{2FF1064E-3E2F-DC7F-1769-E665A09897FF}.Debug|x64.ActiveCfg = Debug|Any CPU
		{2FF1064E-3E2F-DC7F-1769-E665A09897FF}.Debug|x64.Build.0 = Debug|Any CPU
		{2FF1064E-3E2F-DC7F-1769-E665A09897FF}.Debug|x86.ActiveCfg = Debug|Any CPU
		{2FF1064E-3E2F-DC7F-1769-E665A09897FF}.Debug|x86.Build.0 = Debug|Any CPU
		{2FF1064E-3E2F-DC7F-1769-E665A09897FF}.Release|Any CPU.ActiveCfg = Release|Any CPU
		{2FF1064E-3E2F-DC7F-1769-E665A09897FF}.Release|Any CPU.Build.0 = Release|Any CPU
		{2FF1064E-3E2F-DC7F-1769-E665A09897FF}.Release|ARM64.ActiveCfg = Release|Any CPU
		{2FF1064E-3E2F-DC7F-1769-E665A09897FF}.Release|ARM64.Build.0 = Release|Any CPU
		{2FF1064E-3E2F-DC7F-1769-E665A09897FF}.Release|x64.ActiveCfg = Release|Any CPU
		{2FF1064E-3E2F-DC7F-1769-E665A09897FF}.Release|x64.Build.0 = Release|Any CPU
		{2FF1064E-3E2F-DC7F-1769-E665A09897FF}.Release|x86.ActiveCfg = Release|Any CPU
		{2FF1064E-3E2F-DC7F-1769-E665A09897FF}.Release|x86.Build.0 = Release|Any CPU
		{E8B07D06-1FBA-4EBC-B24D-6160B80B1979}.Debug|Any CPU.ActiveCfg = Debug|Any CPU
		{E8B07D06-1FBA-4EBC-B24D-6160B80B1979}.Debug|Any CPU.Build.0 = Debug|Any CPU
		{E8B07D06-1FBA-4EBC-B24D-6160B80B1979}.Debug|ARM64.ActiveCfg = Debug|Any CPU
		{E8B07D06-1FBA-4EBC-B24D-6160B80B1979}.Debug|ARM64.Build.0 = Debug|Any CPU
		{E8B07D06-1FBA-4EBC-B24D-6160B80B1979}.Debug|x64.ActiveCfg = Debug|Any CPU
		{E8B07D06-1FBA-4EBC-B24D-6160B80B1979}.Debug|x64.Build.0 = Debug|Any CPU
		{E8B07D06-1FBA-4EBC-B24D-6160B80B1979}.Debug|x86.ActiveCfg = Debug|Any CPU
		{E8B07D06-1FBA-4EBC-B24D-6160B80B1979}.Debug|x86.Build.0 = Debug|Any CPU
		{E8B07D06-1FBA-4EBC-B24D-6160B80B1979}.Release|Any CPU.ActiveCfg = Release|Any CPU
		{E8B07D06-1FBA-4EBC-B24D-6160B80B1979}.Release|Any CPU.Build.0 = Release|Any CPU
		{E8B07D06-1FBA-4EBC-B24D-6160B80B1979}.Release|ARM64.ActiveCfg = Release|Any CPU
		{E8B07D06-1FBA-4EBC-B24D-6160B80B1979}.Release|ARM64.Build.0 = Release|Any CPU
		{E8B07D06-1FBA-4EBC-B24D-6160B80B1979}.Release|x64.ActiveCfg = Release|Any CPU
		{E8B07D06-1FBA-4EBC-B24D-6160B80B1979}.Release|x64.Build.0 = Release|Any CPU
		{E8B07D06-1FBA-4EBC-B24D-6160B80B1979}.Release|x86.ActiveCfg = Release|Any CPU
		{E8B07D06-1FBA-4EBC-B24D-6160B80B1979}.Release|x86.Build.0 = Release|Any CPU
	EndGlobalSection
	GlobalSection(SolutionProperties) = preSolution
		HideSolutionNode = FALSE
	EndGlobalSection
	GlobalSection(NestedProjects) = preSolution
		{AB016A4D-AEB4-40D5-A17F-71765FCC2D21} = {02EA681E-C7D8-13C7-8484-4AC65E1B71E8}
		{2ABB3070-FD78-4ACB-BB01-ED5B3DC059B8} = {04176D51-BFDC-4C72-B861-257AB7B4DA0B}
		{F1310568-A962-4C9C-9874-623AC9D58350} = {04176D51-BFDC-4C72-B861-257AB7B4DA0B}
		{892364FA-96D9-40A9-947D-7B644AEB01DE} = {2567DE86-AB9B-4E4F-9060-07A0E05C864F}
		{CE9369CC-0E86-4873-90E0-C42195B0B957} = {2567DE86-AB9B-4E4F-9060-07A0E05C864F}
		{2E72722D-5897-4494-8E03-23555ECF05A3} = {02EA681E-C7D8-13C7-8484-4AC65E1B71E8}
		{D5C5A0A2-D56E-939C-9B0C-3DEE56CDCFA5} = {2567DE86-AB9B-4E4F-9060-07A0E05C864F}
		{65F07D16-30E1-56F9-5C31-421446E785A4} = {02EA681E-C7D8-13C7-8484-4AC65E1B71E8}
		{2FF1064E-3E2F-DC7F-1769-E665A09897FF} = {02EA681E-C7D8-13C7-8484-4AC65E1B71E8}
		{E8B07D06-1FBA-4EBC-B24D-6160B80B1979} = {02EA681E-C7D8-13C7-8484-4AC65E1B71E8}
	EndGlobalSection
	GlobalSection(ExtensibilityGlobals) = postSolution
		SolutionGuid = {8F0EC47A-F34E-425B-B882-C72F3D05DCAD}
	EndGlobalSection
EndGlobal
