
Microsoft Visual Studio Solution File, Format Version 12.00
# Visual Studio Version 17
VisualStudioVersion = 17.0.31903.59
MinimumVisualStudioVersion = 10.0.40219.1
Project("{FAE04EC0-301F-11D3-BF4B-00C04F79EFBC}") = "Exceptions", "Exceptions\Exceptions.csproj", "{6FADAE02-52C1-4B91-8582-949E61E538B0}"
EndProject
Project("{FAE04EC0-301F-11D3-BF4B-00C04F79EFBC}") = "APIErrorHandling", "APIErrorHandling\APIErrorHandling.csproj", "{A876BD1C-9080-4C23-97E5-9C2CECA2A559}"
EndProject
Global
	GlobalSection(SolutionConfigurationPlatforms) = preSolution
		Debug|Any CPU = Debug|Any CPU
		Release|Any CPU = Release|Any CPU
	EndGlobalSection
	GlobalSection(ProjectConfigurationPlatforms) = postSolution
		{6FADAE02-52C1-4B91-8582-949E61E538B0}.Debug|Any CPU.ActiveCfg = Debug|Any CPU
		{6FADAE02-52C1-4B91-8582-949E61E538B0}.Debug|Any CPU.Build.0 = Debug|Any CPU
		{6FADAE02-52C1-4B91-8582-949E61E538B0}.Release|Any CPU.ActiveCfg = Release|Any CPU
		{6FADAE02-52C1-4B91-8582-949E61E538B0}.Release|Any CPU.Build.0 = Release|Any CPU
		{A876BD1C-9080-4C23-97E5-9C2CECA2A559}.Debug|Any CPU.ActiveCfg = Debug|Any CPU
		{A876BD1C-9080-4C23-97E5-9C2CECA2A559}.Debug|Any CPU.Build.0 = Debug|Any CPU
		{A876BD1C-9080-4C23-97E5-9C2CECA2A559}.Release|Any CPU.ActiveCfg = Release|Any CPU
		{A876BD1C-9080-4C23-97E5-9C2CECA2A559}.Release|Any CPU.Build.0 = Release|Any CPU
	EndGlobalSection
	GlobalSection(SolutionProperties) = preSolution
		HideSolutionNode = FALSE
	EndGlobalSection
	GlobalSection(ExtensibilityGlobals) = postSolution
		SolutionGuid = {144FA74D-FA23-4779-A2BA-F67314C23934}
	EndGlobalSection
EndGlobal
