
Microsoft Visual Studio Solution File, Format Version 12.00
# Visual Studio Version 17
VisualStudioVersion = 17.0.31903.59
MinimumVisualStudioVersion = 10.0.40219.1
Project("{FAE04EC0-301F-11D3-BF4B-00C04F79EFBC}") = "Exceptions", "Exceptions\Exceptions.csproj", "{6FADAE02-52C1-4B91-8582-949E61E538B0}"
EndProject
Project("{FAE04EC0-301F-11D3-BF4B-00C04F79EFBC}") = "BlazorClient", "BlazorClient\BlazorClient\BlazorClient.csproj", "{3CAE0555-AF5C-448B-8337-CBA7F844D7AB}"
EndProject
Project("{FAE04EC0-301F-11D3-BF4B-00C04F79EFBC}") = "BlazorClient.Client", "BlazorClient\BlazorClient.Client\BlazorClient.Client.csproj", "{5D5C1AF3-BA1C-4C2A-86A5-A8C324A64BAB}"
EndProject
Project("{FAE04EC0-301F-11D3-BF4B-00C04F79EFBC}") = "ExceptionBenchmark", "ExceptionBenchmark\ExceptionBenchmark.csproj", "{78214E71-4A3D-4CD9-92BD-6FD90857DC60}"
EndProject
Project("{2150E333-8FDC-42A3-9474-1A3956D46DE8}") = "Solution Items", "Solution Items", "{8EC462FD-D22E-90A8-E5CE-7E832BA40C5D}"
	ProjectSection(SolutionItems) = preProject
		..\Directory.Packages.props = ..\Directory.Packages.props
	EndProjectSection
EndProject
Project("{FAE04EC0-301F-11D3-BF4B-00C04F79EFBC}") = "Books.AppHost", "Books.AppHost\Books.AppHost.csproj", "{7C5E9109-9526-4BBB-A257-3ECEF3759D16}"
EndProject
Project("{FAE04EC0-301F-11D3-BF4B-00C04F79EFBC}") = "Books.ServiceDefaults", "Books.ServiceDefaults\Books.ServiceDefaults.csproj", "{75793776-7355-0768-DF21-27E19B48C532}"
EndProject
Project("{FAE04EC0-301F-11D3-BF4B-00C04F79EFBC}") = "Books.API", "Books.API\Books.API.csproj", "{D92BB9A4-E012-349D-9F98-601F1D78D004}"
EndProject
Project("{2150E333-8FDC-42A3-9474-1A3956D46DE8}") = "Intro", "Intro", "{02EA681E-C7D8-13C7-8484-4AC65E1B71E8}"
EndProject
Project("{2150E333-8FDC-42A3-9474-1A3956D46DE8}") = "BooksApp", "BooksApp", "{87BF27B1-0E99-40FB-9A1C-7FA99FEB71BF}"
EndProject
Project("{FAE04EC0-301F-11D3-BF4B-00C04F79EFBC}") = "Books.Data", "Books.Data\Books.Data.csproj", "{4921ED70-0546-CAF0-12B3-92C040444692}"
EndProject
Global
	GlobalSection(SolutionConfigurationPlatforms) = preSolution
		Debug|Any CPU = Debug|Any CPU
		Release|Any CPU = Release|Any CPU
	EndGlobalSection
	GlobalSection(ProjectConfigurationPlatforms) = postSolution
		{6FADAE02-52C1-4B91-8582-949E61E538B0}.Debug|Any CPU.ActiveCfg = Debug|Any CPU
		{6FADAE02-52C1-4B91-8582-949E61E538B0}.Debug|Any CPU.Build.0 = Debug|Any CPU
		{6FADAE02-52C1-4B91-8582-949E61E538B0}.Release|Any CPU.ActiveCfg = Release|Any CPU
		{6FADAE02-52C1-4B91-8582-949E61E538B0}.Release|Any CPU.Build.0 = Release|Any CPU
		{3CAE0555-AF5C-448B-8337-CBA7F844D7AB}.Debug|Any CPU.ActiveCfg = Debug|Any CPU
		{3CAE0555-AF5C-448B-8337-CBA7F844D7AB}.Debug|Any CPU.Build.0 = Debug|Any CPU
		{3CAE0555-AF5C-448B-8337-CBA7F844D7AB}.Release|Any CPU.ActiveCfg = Release|Any CPU
		{3CAE0555-AF5C-448B-8337-CBA7F844D7AB}.Release|Any CPU.Build.0 = Release|Any CPU
		{5D5C1AF3-BA1C-4C2A-86A5-A8C324A64BAB}.Debug|Any CPU.ActiveCfg = Debug|Any CPU
		{5D5C1AF3-BA1C-4C2A-86A5-A8C324A64BAB}.Debug|Any CPU.Build.0 = Debug|Any CPU
		{5D5C1AF3-BA1C-4C2A-86A5-A8C324A64BAB}.Release|Any CPU.ActiveCfg = Release|Any CPU
		{5D5C1AF3-BA1C-4C2A-86A5-A8C324A64BAB}.Release|Any CPU.Build.0 = Release|Any CPU
		{78214E71-4A3D-4CD9-92BD-6FD90857DC60}.Debug|Any CPU.ActiveCfg = Debug|Any CPU
		{78214E71-4A3D-4CD9-92BD-6FD90857DC60}.Debug|Any CPU.Build.0 = Debug|Any CPU
		{78214E71-4A3D-4CD9-92BD-6FD90857DC60}.Release|Any CPU.ActiveCfg = Release|Any CPU
		{78214E71-4A3D-4CD9-92BD-6FD90857DC60}.Release|Any CPU.Build.0 = Release|Any CPU
		{7C5E9109-9526-4BBB-A257-3ECEF3759D16}.Debug|Any CPU.ActiveCfg = Debug|Any CPU
		{7C5E9109-9526-4BBB-A257-3ECEF3759D16}.Debug|Any CPU.Build.0 = Debug|Any CPU
		{7C5E9109-9526-4BBB-A257-3ECEF3759D16}.Release|Any CPU.ActiveCfg = Release|Any CPU
		{7C5E9109-9526-4BBB-A257-3ECEF3759D16}.Release|Any CPU.Build.0 = Release|Any CPU
		{75793776-7355-0768-DF21-27E19B48C532}.Debug|Any CPU.ActiveCfg = Debug|Any CPU
		{75793776-7355-0768-DF21-27E19B48C532}.Debug|Any CPU.Build.0 = Debug|Any CPU
		{75793776-7355-0768-DF21-27E19B48C532}.Release|Any CPU.ActiveCfg = Release|Any CPU
		{75793776-7355-0768-DF21-27E19B48C532}.Release|Any CPU.Build.0 = Release|Any CPU
		{D92BB9A4-E012-349D-9F98-601F1D78D004}.Debug|Any CPU.ActiveCfg = Debug|Any CPU
		{D92BB9A4-E012-349D-9F98-601F1D78D004}.Debug|Any CPU.Build.0 = Debug|Any CPU
		{D92BB9A4-E012-349D-9F98-601F1D78D004}.Release|Any CPU.ActiveCfg = Release|Any CPU
		{D92BB9A4-E012-349D-9F98-601F1D78D004}.Release|Any CPU.Build.0 = Release|Any CPU
		{4921ED70-0546-CAF0-12B3-92C040444692}.Debug|Any CPU.ActiveCfg = Debug|Any CPU
		{4921ED70-0546-CAF0-12B3-92C040444692}.Debug|Any CPU.Build.0 = Debug|Any CPU
		{4921ED70-0546-CAF0-12B3-92C040444692}.Release|Any CPU.ActiveCfg = Release|Any CPU
		{4921ED70-0546-CAF0-12B3-92C040444692}.Release|Any CPU.Build.0 = Release|Any CPU
	EndGlobalSection
	GlobalSection(SolutionProperties) = preSolution
		HideSolutionNode = FALSE
	EndGlobalSection
	GlobalSection(NestedProjects) = preSolution
		{6FADAE02-52C1-4B91-8582-949E61E538B0} = {02EA681E-C7D8-13C7-8484-4AC65E1B71E8}
		{3CAE0555-AF5C-448B-8337-CBA7F844D7AB} = {87BF27B1-0E99-40FB-9A1C-7FA99FEB71BF}
		{5D5C1AF3-BA1C-4C2A-86A5-A8C324A64BAB} = {87BF27B1-0E99-40FB-9A1C-7FA99FEB71BF}
		{78214E71-4A3D-4CD9-92BD-6FD90857DC60} = {02EA681E-C7D8-13C7-8484-4AC65E1B71E8}
		{7C5E9109-9526-4BBB-A257-3ECEF3759D16} = {87BF27B1-0E99-40FB-9A1C-7FA99FEB71BF}
		{75793776-7355-0768-DF21-27E19B48C532} = {87BF27B1-0E99-40FB-9A1C-7FA99FEB71BF}
		{D92BB9A4-E012-349D-9F98-601F1D78D004} = {87BF27B1-0E99-40FB-9A1C-7FA99FEB71BF}
		{4921ED70-0546-CAF0-12B3-92C040444692} = {87BF27B1-0E99-40FB-9A1C-7FA99FEB71BF}
	EndGlobalSection
	GlobalSection(ExtensibilityGlobals) = postSolution
		SolutionGuid = {144FA74D-FA23-4779-A2BA-F67314C23934}
	EndGlobalSection
EndGlobal
