
Microsoft Visual Studio Solution File, Format Version 12.00
# Visual Studio Version 17
VisualStudioVersion = 17.11.35201.85
MinimumVisualStudioVersion = 10.0.40219.1
Project("{FAE04EC0-301F-11D3-BF4B-00C04F79EFBC}") = "Codebreaker.Bot.Console", "Codebreaker.Bot.Console\Codebreaker.Bot.Console.csproj", "{A0CCBF18-FC21-4900-AD13-6000727F546A}"
EndProject
Global
	GlobalSection(SolutionConfigurationPlatforms) = preSolution
		Debug|Any CPU = Debug|Any CPU
		Release|Any CPU = Release|Any CPU
	EndGlobalSection
	GlobalSection(ProjectConfigurationPlatforms) = postSolution
		{A0CCBF18-FC21-4900-AD13-6000727F546A}.Debug|Any CPU.ActiveCfg = Debug|Any CPU
		{A0CCBF18-FC21-4900-AD13-6000727F546A}.Debug|Any CPU.Build.0 = Debug|Any CPU
		{A0CCBF18-FC21-4900-AD13-6000727F546A}.Release|Any CPU.ActiveCfg = Release|Any CPU
		{A0CCBF18-FC21-4900-AD13-6000727F546A}.Release|Any CPU.Build.0 = Release|Any CPU
	EndGlobalSection
	GlobalSection(SolutionProperties) = preSolution
		HideSolutionNode = FALSE
	EndGlobalSection
	GlobalSection(ExtensibilityGlobals) = postSolution
		SolutionGuid = {A87F4BE8-3DB4-4DB9-BB38-5C177EBEC536}
	EndGlobalSection
EndGlobal
