
Microsoft Visual Studio Solution File, Format Version 12.00
# Visual Studio Version 17
VisualStudioVersion = 17.0.31903.59
MinimumVisualStudioVersion = 10.0.40219.1
Project("{FAE04EC0-301F-11D3-BF4B-00C04F79EFBC}") = "Traits", "Traits\Traits.csproj", "{8B5D9E63-5F11-471A-AD0C-749BFBA748D3}"
EndProject
Project("{FAE04EC0-301F-11D3-BF4B-00C04F79EFBC}") = "RecordsSample", "RecordsSample\RecordsSample.csproj", "{4D7976FF-0110-44AC-AAA7-28D3BE1666CC}"
EndProject
Project("{FAE04EC0-301F-11D3-BF4B-00C04F79EFBC}") = "GamesJsonSerialization", "GameModels\GamesJsonSerialization\GamesJsonSerialization.csproj", "{22D6773C-5C0F-0881-ECDB-49C727DAA096}"
EndProject
Project("{FAE04EC0-301F-11D3-BF4B-00C04F79EFBC}") = "GamesEFCore", "GameModels\GamesEFCore\GamesEFCore.csproj", "{E7B2A7A9-E0C8-F86E-4E92-B6B9FF899D10}"
EndProject
Project("{FAE04EC0-301F-11D3-BF4B-00C04F79EFBC}") = "GameModels", "GameModels\GameModels\GameModels.csproj", "{BAE7751A-E7A9-3B75-8812-E3C23345DBBE}"
EndProject
Project("{2150E333-8FDC-42A3-9474-1A3956D46DE8}") = "Games", "Games", "{02EA681E-C7D8-13C7-8484-4AC65E1B71E8}"
EndProject
Project("{2150E333-8FDC-42A3-9474-1A3956D46DE8}") = "Solution Items", "Solution Items", "{8EC462FD-D22E-90A8-E5CE-7E832BA40C5D}"
	ProjectSection(SolutionItems) = preProject
		ClassHierarchies.md = ClassHierarchies.md
		Games.md = Games.md
		Readme.md = Readme.md
	EndProjectSection
EndProject
Global
	GlobalSection(SolutionConfigurationPlatforms) = preSolution
		Debug|Any CPU = Debug|Any CPU
		Debug|x64 = Debug|x64
		Debug|x86 = Debug|x86
		Release|Any CPU = Release|Any CPU
		Release|x64 = Release|x64
		Release|x86 = Release|x86
	EndGlobalSection
	GlobalSection(ProjectConfigurationPlatforms) = postSolution
		{8B5D9E63-5F11-471A-AD0C-749BFBA748D3}.Debug|Any CPU.ActiveCfg = Debug|Any CPU
		{8B5D9E63-5F11-471A-AD0C-749BFBA748D3}.Debug|Any CPU.Build.0 = Debug|Any CPU
		{8B5D9E63-5F11-471A-AD0C-749BFBA748D3}.Debug|x64.ActiveCfg = Debug|Any CPU
		{8B5D9E63-5F11-471A-AD0C-749BFBA748D3}.Debug|x64.Build.0 = Debug|Any CPU
		{8B5D9E63-5F11-471A-AD0C-749BFBA748D3}.Debug|x86.ActiveCfg = Debug|Any CPU
		{8B5D9E63-5F11-471A-AD0C-749BFBA748D3}.Debug|x86.Build.0 = Debug|Any CPU
		{8B5D9E63-5F11-471A-AD0C-749BFBA748D3}.Release|Any CPU.ActiveCfg = Release|Any CPU
		{8B5D9E63-5F11-471A-AD0C-749BFBA748D3}.Release|Any CPU.Build.0 = Release|Any CPU
		{8B5D9E63-5F11-471A-AD0C-749BFBA748D3}.Release|x64.ActiveCfg = Release|Any CPU
		{8B5D9E63-5F11-471A-AD0C-749BFBA748D3}.Release|x64.Build.0 = Release|Any CPU
		{8B5D9E63-5F11-471A-AD0C-749BFBA748D3}.Release|x86.ActiveCfg = Release|Any CPU
		{8B5D9E63-5F11-471A-AD0C-749BFBA748D3}.Release|x86.Build.0 = Release|Any CPU
		{4D7976FF-0110-44AC-AAA7-28D3BE1666CC}.Debug|Any CPU.ActiveCfg = Debug|Any CPU
		{4D7976FF-0110-44AC-AAA7-28D3BE1666CC}.Debug|Any CPU.Build.0 = Debug|Any CPU
		{4D7976FF-0110-44AC-AAA7-28D3BE1666CC}.Debug|x64.ActiveCfg = Debug|Any CPU
		{4D7976FF-0110-44AC-AAA7-28D3BE1666CC}.Debug|x64.Build.0 = Debug|Any CPU
		{4D7976FF-0110-44AC-AAA7-28D3BE1666CC}.Debug|x86.ActiveCfg = Debug|Any CPU
		{4D7976FF-0110-44AC-AAA7-28D3BE1666CC}.Debug|x86.Build.0 = Debug|Any CPU
		{4D7976FF-0110-44AC-AAA7-28D3BE1666CC}.Release|Any CPU.ActiveCfg = Release|Any CPU
		{4D7976FF-0110-44AC-AAA7-28D3BE1666CC}.Release|Any CPU.Build.0 = Release|Any CPU
		{4D7976FF-0110-44AC-AAA7-28D3BE1666CC}.Release|x64.ActiveCfg = Release|Any CPU
		{4D7976FF-0110-44AC-AAA7-28D3BE1666CC}.Release|x64.Build.0 = Release|Any CPU
		{4D7976FF-0110-44AC-AAA7-28D3BE1666CC}.Release|x86.ActiveCfg = Release|Any CPU
		{4D7976FF-0110-44AC-AAA7-28D3BE1666CC}.Release|x86.Build.0 = Release|Any CPU
		{22D6773C-5C0F-0881-ECDB-49C727DAA096}.Debug|Any CPU.ActiveCfg = Debug|Any CPU
		{22D6773C-5C0F-0881-ECDB-49C727DAA096}.Debug|Any CPU.Build.0 = Debug|Any CPU
		{22D6773C-5C0F-0881-ECDB-49C727DAA096}.Debug|x64.ActiveCfg = Debug|Any CPU
		{22D6773C-5C0F-0881-ECDB-49C727DAA096}.Debug|x64.Build.0 = Debug|Any CPU
		{22D6773C-5C0F-0881-ECDB-49C727DAA096}.Debug|x86.ActiveCfg = Debug|Any CPU
		{22D6773C-5C0F-0881-ECDB-49C727DAA096}.Debug|x86.Build.0 = Debug|Any CPU
		{22D6773C-5C0F-0881-ECDB-49C727DAA096}.Release|Any CPU.ActiveCfg = Release|Any CPU
		{22D6773C-5C0F-0881-ECDB-49C727DAA096}.Release|Any CPU.Build.0 = Release|Any CPU
		{22D6773C-5C0F-0881-ECDB-49C727DAA096}.Release|x64.ActiveCfg = Release|Any CPU
		{22D6773C-5C0F-0881-ECDB-49C727DAA096}.Release|x64.Build.0 = Release|Any CPU
		{22D6773C-5C0F-0881-ECDB-49C727DAA096}.Release|x86.ActiveCfg = Release|Any CPU
		{22D6773C-5C0F-0881-ECDB-49C727DAA096}.Release|x86.Build.0 = Release|Any CPU
		{E7B2A7A9-E0C8-F86E-4E92-B6B9FF899D10}.Debug|Any CPU.ActiveCfg = Debug|Any CPU
		{E7B2A7A9-E0C8-F86E-4E92-B6B9FF899D10}.Debug|Any CPU.Build.0 = Debug|Any CPU
		{E7B2A7A9-E0C8-F86E-4E92-B6B9FF899D10}.Debug|x64.ActiveCfg = Debug|Any CPU
		{E7B2A7A9-E0C8-F86E-4E92-B6B9FF899D10}.Debug|x64.Build.0 = Debug|Any CPU
		{E7B2A7A9-E0C8-F86E-4E92-B6B9FF899D10}.Debug|x86.ActiveCfg = Debug|Any CPU
		{E7B2A7A9-E0C8-F86E-4E92-B6B9FF899D10}.Debug|x86.Build.0 = Debug|Any CPU
		{E7B2A7A9-E0C8-F86E-4E92-B6B9FF899D10}.Release|Any CPU.ActiveCfg = Release|Any CPU
		{E7B2A7A9-E0C8-F86E-4E92-B6B9FF899D10}.Release|Any CPU.Build.0 = Release|Any CPU
		{E7B2A7A9-E0C8-F86E-4E92-B6B9FF899D10}.Release|x64.ActiveCfg = Release|Any CPU
		{E7B2A7A9-E0C8-F86E-4E92-B6B9FF899D10}.Release|x64.Build.0 = Release|Any CPU
		{E7B2A7A9-E0C8-F86E-4E92-B6B9FF899D10}.Release|x86.ActiveCfg = Release|Any CPU
		{E7B2A7A9-E0C8-F86E-4E92-B6B9FF899D10}.Release|x86.Build.0 = Release|Any CPU
		{BAE7751A-E7A9-3B75-8812-E3C23345DBBE}.Debug|Any CPU.ActiveCfg = Debug|Any CPU
		{BAE7751A-E7A9-3B75-8812-E3C23345DBBE}.Debug|Any CPU.Build.0 = Debug|Any CPU
		{BAE7751A-E7A9-3B75-8812-E3C23345DBBE}.Debug|x64.ActiveCfg = Debug|Any CPU
		{BAE7751A-E7A9-3B75-8812-E3C23345DBBE}.Debug|x64.Build.0 = Debug|Any CPU
		{BAE7751A-E7A9-3B75-8812-E3C23345DBBE}.Debug|x86.ActiveCfg = Debug|Any CPU
		{BAE7751A-E7A9-3B75-8812-E3C23345DBBE}.Debug|x86.Build.0 = Debug|Any CPU
		{BAE7751A-E7A9-3B75-8812-E3C23345DBBE}.Release|Any CPU.ActiveCfg = Release|Any CPU
		{BAE7751A-E7A9-3B75-8812-E3C23345DBBE}.Release|Any CPU.Build.0 = Release|Any CPU
		{BAE7751A-E7A9-3B75-8812-E3C23345DBBE}.Release|x64.ActiveCfg = Release|Any CPU
		{BAE7751A-E7A9-3B75-8812-E3C23345DBBE}.Release|x64.Build.0 = Release|Any CPU
		{BAE7751A-E7A9-3B75-8812-E3C23345DBBE}.Release|x86.ActiveCfg = Release|Any CPU
		{BAE7751A-E7A9-3B75-8812-E3C23345DBBE}.Release|x86.Build.0 = Release|Any CPU
	EndGlobalSection
	GlobalSection(SolutionProperties) = preSolution
		HideSolutionNode = FALSE
	EndGlobalSection
	GlobalSection(NestedProjects) = preSolution
		{22D6773C-5C0F-0881-ECDB-49C727DAA096} = {02EA681E-C7D8-13C7-8484-4AC65E1B71E8}
		{E7B2A7A9-E0C8-F86E-4E92-B6B9FF899D10} = {02EA681E-C7D8-13C7-8484-4AC65E1B71E8}
		{BAE7751A-E7A9-3B75-8812-E3C23345DBBE} = {02EA681E-C7D8-13C7-8484-4AC65E1B71E8}
	EndGlobalSection
	GlobalSection(ExtensibilityGlobals) = postSolution
		SolutionGuid = {59A0742F-CE03-4DA1-8745-27632508841E}
	EndGlobalSection
EndGlobal
