
Microsoft Visual Studio Solution File, Format Version 12.00
# Visual Studio Version 17
VisualStudioVersion = 17.13.35617.110
MinimumVisualStudioVersion = 10.0.40219.1
Project("{FAE04EC0-301F-11D3-BF4B-00C04F79EFBC}") = "GameModels", "GameModels\GameModels.csproj", "{A5E5E2A8-9F05-4AB5-A4FD-9E24CE62E6B1}"
EndProject
Project("{FAE04EC0-301F-11D3-BF4B-00C04F79EFBC}") = "GamesJsonSerialization", "GamesJsonSerialization\GamesJsonSerialization.csproj", "{E18AC02F-C0DE-4AD2-99DD-638EE309DCF9}"
EndProject
Project("{FAE04EC0-301F-11D3-BF4B-00C04F79EFBC}") = "GamesEFCore", "GamesEFCore\GamesEFCore.csproj", "{BBA2A84C-65BF-46D7-BEE2-2811CB936853}"
EndProject
Global
	GlobalSection(SolutionConfigurationPlatforms) = preSolution
		Debug|Any CPU = Debug|Any CPU
		Release|Any CPU = Release|Any CPU
	EndGlobalSection
	GlobalSection(ProjectConfigurationPlatforms) = postSolution
		{A5E5E2A8-9F05-4AB5-A4FD-9E24CE62E6B1}.Debug|Any CPU.ActiveCfg = Debug|Any CPU
		{A5E5E2A8-9F05-4AB5-A4FD-9E24CE62E6B1}.Debug|Any CPU.Build.0 = Debug|Any CPU
		{A5E5E2A8-9F05-4AB5-A4FD-9E24CE62E6B1}.Release|Any CPU.ActiveCfg = Release|Any CPU
		{A5E5E2A8-9F05-4AB5-A4FD-9E24CE62E6B1}.Release|Any CPU.Build.0 = Release|Any CPU
		{E18AC02F-C0DE-4AD2-99DD-638EE309DCF9}.Debug|Any CPU.ActiveCfg = Debug|Any CPU
		{E18AC02F-C0DE-4AD2-99DD-638EE309DCF9}.Debug|Any CPU.Build.0 = Debug|Any CPU
		{E18AC02F-C0DE-4AD2-99DD-638EE309DCF9}.Release|Any CPU.ActiveCfg = Release|Any CPU
		{E18AC02F-C0DE-4AD2-99DD-638EE309DCF9}.Release|Any CPU.Build.0 = Release|Any CPU
		{BBA2A84C-65BF-46D7-BEE2-2811CB936853}.Debug|Any CPU.ActiveCfg = Debug|Any CPU
		{BBA2A84C-65BF-46D7-BEE2-2811CB936853}.Debug|Any CPU.Build.0 = Debug|Any CPU
		{BBA2A84C-65BF-46D7-BEE2-2811CB936853}.Release|Any CPU.ActiveCfg = Release|Any CPU
		{BBA2A84C-65BF-46D7-BEE2-2811CB936853}.Release|Any CPU.Build.0 = Release|Any CPU
	EndGlobalSection
	GlobalSection(SolutionProperties) = preSolution
		HideSolutionNode = FALSE
	EndGlobalSection
	GlobalSection(ExtensibilityGlobals) = postSolution
		SolutionGuid = {9F19FD08-FC8C-4F02-B344-6ECC4D9ACEC5}
	EndGlobalSection
EndGlobal
